// !$*UTF8*$!
{
	archiveVersion = 1;
	classes = {
	};
	objectVersion = 51;
	objects = {

/* Begin PBXBuildFile section */
		0AEE7BCAF929A7696AB0CB0C /* Pods_Calculator__Watch_.framework in Frameworks */ = {isa = PBXBuildFile; fileRef = EA801758DD92F999DF9F6325 /* Pods_Calculator__Watch_.framework */; };
		37550F47EA898BE1C9CFF57A /* Pods_Calculator__Watch__Extension.framework in Frameworks */ = {isa = PBXBuildFile; fileRef = D372FD385974A15CA263374F /* Pods_Calculator__Watch__Extension.framework */; };
		7F10E42C26ED8E46005D069C /* Themes.swift in Sources */ = {isa = PBXBuildFile; fileRef = 7F10E42B26ED8E46005D069C /* Themes.swift */; };
		7F10E42F26EE70A2005D069C /* NewThemeController.swift in Sources */ = {isa = PBXBuildFile; fileRef = 7F10E42E26EE70A2005D069C /* NewThemeController.swift */; };
		7F2E799226E7C1BA00D49FB3 /* SettingsCell.swift in Sources */ = {isa = PBXBuildFile; fileRef = 7F2E799026E7C1BA00D49FB3 /* SettingsCell.swift */; };
		7F2E799326E7C1BA00D49FB3 /* SettingsCell.xib in Resources */ = {isa = PBXBuildFile; fileRef = 7F2E799126E7C1BA00D49FB3 /* SettingsCell.xib */; };
		7F2E799526E7CD2F00D49FB3 /* SettingsViewController.swift in Sources */ = {isa = PBXBuildFile; fileRef = 7F2E799426E7CD2F00D49FB3 /* SettingsViewController.swift */; };
		7F2E799726E7FFCA00D49FB3 /* Extensions.swift in Sources */ = {isa = PBXBuildFile; fileRef = 7F2E799626E7FFCA00D49FB3 /* Extensions.swift */; };
		7F2E799926E81F6100D49FB3 /* NewYork.ttf in Resources */ = {isa = PBXBuildFile; fileRef = 7F2E799826E81F6100D49FB3 /* NewYork.ttf */; };
		7F4174EB26F45AB800249004 /* Extensions.swift in Sources */ = {isa = PBXBuildFile; fileRef = 7F2E799626E7FFCA00D49FB3 /* Extensions.swift */; };
		7F4174EC26F45AE800249004 /* Themes.swift in Sources */ = {isa = PBXBuildFile; fileRef = 7F10E42B26ED8E46005D069C /* Themes.swift */; };
		7F4174ED26F45CD800249004 /* Assets.xcassets in Resources */ = {isa = PBXBuildFile; fileRef = 7F68721C264701F80061A735 /* Assets.xcassets */; };
		7F579F29271BA0C900385220 /* Pink.png in Resources */ = {isa = PBXBuildFile; fileRef = 7F579F22271BA0C800385220 /* Pink.png */; };
		7F579F2A271BA0C900385220 /* Yellow.png in Resources */ = {isa = PBXBuildFile; fileRef = 7F579F23271BA0C800385220 /* Yellow.png */; };
		7F579F2B271BA0C900385220 /* Green.png in Resources */ = {isa = PBXBuildFile; fileRef = 7F579F24271BA0C800385220 /* Green.png */; };
		7F579F3C271BAD4C00385220 /* AltIconCell.swift in Sources */ = {isa = PBXBuildFile; fileRef = 7F579F3A271BAD4C00385220 /* AltIconCell.swift */; };
		7F579F3D271BAD4C00385220 /* AltIconCell.xib in Resources */ = {isa = PBXBuildFile; fileRef = 7F579F3B271BAD4C00385220 /* AltIconCell.xib */; };
		7F579F41271BADD900385220 /* AltIconPickerController.swift in Sources */ = {isa = PBXBuildFile; fileRef = 7F579F40271BADD900385220 /* AltIconPickerController.swift */; };
		7F579F43271BE2D900385220 /* IconCollectionReusableView.swift in Sources */ = {isa = PBXBuildFile; fileRef = 7F579F42271BE2D800385220 /* IconCollectionReusableView.swift */; };
		7F59B37226F301B100B6F905 /* Interface.storyboard in Resources */ = {isa = PBXBuildFile; fileRef = 7F59B37026F301B100B6F905 /* Interface.storyboard */; };
		7F59B37426F301B200B6F905 /* Assets.xcassets in Resources */ = {isa = PBXBuildFile; fileRef = 7F59B37326F301B200B6F905 /* Assets.xcassets */; };
		7F59B37A26F301B200B6F905 /* Calculator (Watch( Extension.appex in Embed App Extensions */ = {isa = PBXBuildFile; fileRef = 7F59B37926F301B200B6F905 /* Calculator (Watch( Extension.appex */; settings = {ATTRIBUTES = (RemoveHeadersOnCopy, ); }; };
		7F59B37F26F301B200B6F905 /* InterfaceController.swift in Sources */ = {isa = PBXBuildFile; fileRef = 7F59B37E26F301B200B6F905 /* InterfaceController.swift */; };
		7F59B38126F301B200B6F905 /* ExtensionDelegate.swift in Sources */ = {isa = PBXBuildFile; fileRef = 7F59B38026F301B200B6F905 /* ExtensionDelegate.swift */; };
		7F59B38526F301B200B6F905 /* ComplicationController.swift in Sources */ = {isa = PBXBuildFile; fileRef = 7F59B38426F301B200B6F905 /* ComplicationController.swift */; };
		7F59B38726F301B300B6F905 /* Assets.xcassets in Resources */ = {isa = PBXBuildFile; fileRef = 7F59B38626F301B300B6F905 /* Assets.xcassets */; };
		7F59B38C26F301B300B6F905 /* Calculator (Watch(.app in Embed Watch Content */ = {isa = PBXBuildFile; fileRef = 7F59B36E26F301B100B6F905 /* Calculator (Watch(.app */; settings = {ATTRIBUTES = (RemoveHeadersOnCopy, ); }; };
		7F687211264701F60061A735 /* AppDelegate.swift in Sources */ = {isa = PBXBuildFile; fileRef = 7F687210264701F60061A735 /* AppDelegate.swift */; };
		7F687213264701F60061A735 /* SceneDelegate.swift in Sources */ = {isa = PBXBuildFile; fileRef = 7F687212264701F60061A735 /* SceneDelegate.swift */; };
		7F687215264701F60061A735 /* ViewController.swift in Sources */ = {isa = PBXBuildFile; fileRef = 7F687214264701F60061A735 /* ViewController.swift */; };
		7F687218264701F60061A735 /* Main.storyboard in Resources */ = {isa = PBXBuildFile; fileRef = 7F687216264701F60061A735 /* Main.storyboard */; };
		7F68721B264701F60061A735 /* Calculator.xcdatamodeld in Sources */ = {isa = PBXBuildFile; fileRef = 7F687219264701F60061A735 /* Calculator.xcdatamodeld */; };
		7F68721D264701F80061A735 /* Assets.xcassets in Resources */ = {isa = PBXBuildFile; fileRef = 7F68721C264701F80061A735 /* Assets.xcassets */; };
		7F687220264701F80061A735 /* LaunchScreen.storyboard in Resources */ = {isa = PBXBuildFile; fileRef = 7F68721E264701F80061A735 /* LaunchScreen.storyboard */; };
		7F687253264A32380061A735 /* TintPickerController.swift in Sources */ = {isa = PBXBuildFile; fileRef = 7F687252264A32380061A735 /* TintPickerController.swift */; };
		7F68725B2657437A0061A735 /* RoundingPickerController.swift in Sources */ = {isa = PBXBuildFile; fileRef = 7F68725A2657437A0061A735 /* RoundingPickerController.swift */; };
		7F68725D265971940061A735 /* ThemePickerController.swift in Sources */ = {isa = PBXBuildFile; fileRef = 7F68725C265971940061A735 /* ThemePickerController.swift */; };
		7F6E650F2680F06800096EED /* Coin.mp3 in Resources */ = {isa = PBXBuildFile; fileRef = 7F6E650B2680F06800096EED /* Coin.mp3 */; };
		7F6E65102680F06800096EED /* None.mp3 in Resources */ = {isa = PBXBuildFile; fileRef = 7F6E650C2680F06800096EED /* None.mp3 */; };
		7F6E65112680F06800096EED /* Typewriter.mp3 in Resources */ = {isa = PBXBuildFile; fileRef = 7F6E650D2680F06800096EED /* Typewriter.mp3 */; };
		7F6E65122680F06800096EED /* Click.mp3 in Resources */ = {isa = PBXBuildFile; fileRef = 7F6E650E2680F06800096EED /* Click.mp3 */; };
		7F7E275326818FCF00076D70 /* SF-Pro.ttf in Resources */ = {isa = PBXBuildFile; fileRef = 7F7E275226818FCB00076D70 /* SF-Pro.ttf */; };
		7FA82AF3271D073500728A9D /* Blue.png in Resources */ = {isa = PBXBuildFile; fileRef = 7FA82AF2271D073500728A9D /* Blue.png */; };
		7FA82AF5271D089900728A9D /* Dark Blue.png in Resources */ = {isa = PBXBuildFile; fileRef = 7FA82AF4271D089900728A9D /* Dark Blue.png */; };
		7FA82AF7271D08DA00728A9D /* Red.png in Resources */ = {isa = PBXBuildFile; fileRef = 7FA82AF6271D08DA00728A9D /* Red.png */; };
		7FA82AF9271D090500728A9D /* Gray.png in Resources */ = {isa = PBXBuildFile; fileRef = 7FA82AF8271D090500728A9D /* Gray.png */; };
		7FA82AFB271D094F00728A9D /* Orange.png in Resources */ = {isa = PBXBuildFile; fileRef = 7FA82AFA271D094F00728A9D /* Orange.png */; };
		7FA82AFD271D0A0100728A9D /* Orange (Dark bg).png in Resources */ = {isa = PBXBuildFile; fileRef = 7FA82AFC271D0A0100728A9D /* Orange (Dark bg).png */; };
		7FA82AFF271D0A4000728A9D /* Blue (Dark bg).png in Resources */ = {isa = PBXBuildFile; fileRef = 7FA82AFE271D0A4000728A9D /* Blue (Dark bg).png */; };
		7FA82B01271D0A7600728A9D /* Gray (Dark bg).png in Resources */ = {isa = PBXBuildFile; fileRef = 7FA82B00271D0A7600728A9D /* Gray (Dark bg).png */; };
		7FA82B03271D0ACA00728A9D /* Green (Dark bg).png in Resources */ = {isa = PBXBuildFile; fileRef = 7FA82B02271D0ACA00728A9D /* Green (Dark bg).png */; };
		7FA82B05271D0B2200728A9D /* Pink (Dark bg).png in Resources */ = {isa = PBXBuildFile; fileRef = 7FA82B04271D0B2200728A9D /* Pink (Dark bg).png */; };
		7FA82B07271D0B6400728A9D /* Red (Dark bg).png in Resources */ = {isa = PBXBuildFile; fileRef = 7FA82B06271D0B6400728A9D /* Red (Dark bg).png */; };
		7FA82B09271D0BB100728A9D /* Yellow (Dark bg).png in Resources */ = {isa = PBXBuildFile; fileRef = 7FA82B08271D0BB100728A9D /* Yellow (Dark bg).png */; };
		7FA82B0B271D0BC000728A9D /* Dark Blue (Dark bg).png in Resources */ = {isa = PBXBuildFile; fileRef = 7FA82B0A271D0BC000728A9D /* Dark Blue (Dark bg).png */; };
		7FB46AF826748318005525AF /* HistoryClassController.swift in Sources */ = {isa = PBXBuildFile; fileRef = 7FB46AF726748318005525AF /* HistoryClassController.swift */; };
		7FB46AFA267487ED005525AF /* FontPickerController.swift in Sources */ = {isa = PBXBuildFile; fileRef = 7FB46AF9267487ED005525AF /* FontPickerController.swift */; };
		7FB46B002676E51D005525AF /* Avenir.ttc in Resources */ = {isa = PBXBuildFile; fileRef = 7FB46AFF2676E51D005525AF /* Avenir.ttc */; };
		7FB46B032676F147005525AF /* SF-Pro-Rounded-Regular.otf in Resources */ = {isa = PBXBuildFile; fileRef = 7FB46B022676F147005525AF /* SF-Pro-Rounded-Regular.otf */; };
		7FC123052672852C00D3599E /* KeyClickSoundController.swift in Sources */ = {isa = PBXBuildFile; fileRef = 7FC123042672852C00D3599E /* KeyClickSoundController.swift */; };
		7FC7FA7526F545AF00CFAB2C /* WatchSettingsViewController.swift in Sources */ = {isa = PBXBuildFile; fileRef = 7FC7FA7426F545AF00CFAB2C /* WatchSettingsViewController.swift */; };
		7FCBD1C42786261500E02CCF /* CustomCalcButton.swift in Sources */ = {isa = PBXBuildFile; fileRef = 7FCBD1C32786261500E02CCF /* CustomCalcButton.swift */; };
		7FCDE28726EB160A00D11BC1 /* MoreOperatorsViewController.swift in Sources */ = {isa = PBXBuildFile; fileRef = 7FCDE28626EB160A00D11BC1 /* MoreOperatorsViewController.swift */; };
		7FCDE28C26EB18AC00D11BC1 /* operatorCellView.swift in Sources */ = {isa = PBXBuildFile; fileRef = 7FCDE28A26EB18AC00D11BC1 /* operatorCellView.swift */; };
		7FCDE28D26EB18AC00D11BC1 /* operatorCellView.xib in Resources */ = {isa = PBXBuildFile; fileRef = 7FCDE28B26EB18AC00D11BC1 /* operatorCellView.xib */; };
		F2504932C1871F4B20274C8E /* Pods_Calculator.framework in Frameworks */ = {isa = PBXBuildFile; fileRef = A95D1A14842FE7F631DFA094 /* Pods_Calculator.framework */; };
/* End PBXBuildFile section */

/* Begin PBXContainerItemProxy section */
		7F59B37B26F301B200B6F905 /* PBXContainerItemProxy */ = {
			isa = PBXContainerItemProxy;
			containerPortal = 7F687205264701F60061A735 /* Project object */;
			proxyType = 1;
			remoteGlobalIDString = 7F59B37826F301B200B6F905;
			remoteInfo = "Calculator (Watch( Extension";
		};
		7F59B38A26F301B300B6F905 /* PBXContainerItemProxy */ = {
			isa = PBXContainerItemProxy;
			containerPortal = 7F687205264701F60061A735 /* Project object */;
			proxyType = 1;
			remoteGlobalIDString = 7F59B36D26F301B100B6F905;
			remoteInfo = "Calculator (Watch(";
		};
/* End PBXContainerItemProxy section */

/* Begin PBXCopyFilesBuildPhase section */
		7F59B38D26F301B300B6F905 /* Embed Watch Content */ = {
			isa = PBXCopyFilesBuildPhase;
			buildActionMask = 2147483647;
			dstPath = "$(CONTENTS_FOLDER_PATH)/Watch";
			dstSubfolderSpec = 16;
			files = (
				7F59B38C26F301B300B6F905 /* Calculator (Watch(.app in Embed Watch Content */,
			);
			name = "Embed Watch Content";
			runOnlyForDeploymentPostprocessing = 0;
		};
		7F59B39026F301B300B6F905 /* Embed App Extensions */ = {
			isa = PBXCopyFilesBuildPhase;
			buildActionMask = 2147483647;
			dstPath = "";
			dstSubfolderSpec = 13;
			files = (
				7F59B37A26F301B200B6F905 /* Calculator (Watch( Extension.appex in Embed App Extensions */,
			);
			name = "Embed App Extensions";
			runOnlyForDeploymentPostprocessing = 0;
		};
/* End PBXCopyFilesBuildPhase section */

/* Begin PBXFileReference section */
		27B7249CDFFE1F2EF0E06A32 /* Pods-Calculator (Watch(.debug.xcconfig */ = {isa = PBXFileReference; includeInIndex = 1; lastKnownFileType = text.xcconfig; name = "Pods-Calculator (Watch(.debug.xcconfig"; path = "Target Support Files/Pods-Calculator (Watch(/Pods-Calculator (Watch(.debug.xcconfig"; sourceTree = "<group>"; };
		2EF7C32BB667B40361D637B1 /* Pods-Calculator (Watch( Extension.release.xcconfig */ = {isa = PBXFileReference; includeInIndex = 1; lastKnownFileType = text.xcconfig; name = "Pods-Calculator (Watch( Extension.release.xcconfig"; path = "Target Support Files/Pods-Calculator (Watch( Extension/Pods-Calculator (Watch( Extension.release.xcconfig"; sourceTree = "<group>"; };
		64E1C7E8097324B97AF65F07 /* Pods-Calculator.debug.xcconfig */ = {isa = PBXFileReference; includeInIndex = 1; lastKnownFileType = text.xcconfig; name = "Pods-Calculator.debug.xcconfig"; path = "Target Support Files/Pods-Calculator/Pods-Calculator.debug.xcconfig"; sourceTree = "<group>"; };
		7F10E42B26ED8E46005D069C /* Themes.swift */ = {isa = PBXFileReference; lastKnownFileType = sourcecode.swift; path = Themes.swift; sourceTree = "<group>"; };
		7F10E42E26EE70A2005D069C /* NewThemeController.swift */ = {isa = PBXFileReference; lastKnownFileType = sourcecode.swift; path = NewThemeController.swift; sourceTree = "<group>"; };
		7F2E799026E7C1BA00D49FB3 /* SettingsCell.swift */ = {isa = PBXFileReference; lastKnownFileType = sourcecode.swift; path = SettingsCell.swift; sourceTree = "<group>"; };
		7F2E799126E7C1BA00D49FB3 /* SettingsCell.xib */ = {isa = PBXFileReference; lastKnownFileType = file.xib; path = SettingsCell.xib; sourceTree = "<group>"; };
		7F2E799426E7CD2F00D49FB3 /* SettingsViewController.swift */ = {isa = PBXFileReference; lastKnownFileType = sourcecode.swift; path = SettingsViewController.swift; sourceTree = "<group>"; };
		7F2E799626E7FFCA00D49FB3 /* Extensions.swift */ = {isa = PBXFileReference; lastKnownFileType = sourcecode.swift; path = Extensions.swift; sourceTree = "<group>"; };
		7F2E799826E81F6100D49FB3 /* NewYork.ttf */ = {isa = PBXFileReference; lastKnownFileType = file; path = NewYork.ttf; sourceTree = "<group>"; };
		7F579F22271BA0C800385220 /* Pink.png */ = {isa = PBXFileReference; lastKnownFileType = image.png; path = Pink.png; sourceTree = "<group>"; };
		7F579F23271BA0C800385220 /* Yellow.png */ = {isa = PBXFileReference; lastKnownFileType = image.png; path = Yellow.png; sourceTree = "<group>"; };
		7F579F24271BA0C800385220 /* Green.png */ = {isa = PBXFileReference; lastKnownFileType = image.png; path = Green.png; sourceTree = "<group>"; };
		7F579F3A271BAD4C00385220 /* AltIconCell.swift */ = {isa = PBXFileReference; lastKnownFileType = sourcecode.swift; path = AltIconCell.swift; sourceTree = "<group>"; };
		7F579F3B271BAD4C00385220 /* AltIconCell.xib */ = {isa = PBXFileReference; lastKnownFileType = file.xib; path = AltIconCell.xib; sourceTree = "<group>"; };
		7F579F40271BADD900385220 /* AltIconPickerController.swift */ = {isa = PBXFileReference; lastKnownFileType = sourcecode.swift; path = AltIconPickerController.swift; sourceTree = "<group>"; };
		7F579F42271BE2D800385220 /* IconCollectionReusableView.swift */ = {isa = PBXFileReference; lastKnownFileType = sourcecode.swift; path = IconCollectionReusableView.swift; sourceTree = "<group>"; };
		7F59B36E26F301B100B6F905 /* Calculator (Watch(.app */ = {isa = PBXFileReference; explicitFileType = wrapper.application; includeInIndex = 0; path = "Calculator (Watch(.app"; sourceTree = BUILT_PRODUCTS_DIR; };
		7F59B37126F301B100B6F905 /* Base */ = {isa = PBXFileReference; lastKnownFileType = file.storyboard; name = Base; path = Base.lproj/Interface.storyboard; sourceTree = "<group>"; };
		7F59B37326F301B200B6F905 /* Assets.xcassets */ = {isa = PBXFileReference; lastKnownFileType = folder.assetcatalog; path = Assets.xcassets; sourceTree = "<group>"; };
		7F59B37926F301B200B6F905 /* Calculator (Watch( Extension.appex */ = {isa = PBXFileReference; explicitFileType = "wrapper.app-extension"; includeInIndex = 0; path = "Calculator (Watch( Extension.appex"; sourceTree = BUILT_PRODUCTS_DIR; };
		7F59B37E26F301B200B6F905 /* InterfaceController.swift */ = {isa = PBXFileReference; lastKnownFileType = sourcecode.swift; path = InterfaceController.swift; sourceTree = "<group>"; };
		7F59B38026F301B200B6F905 /* ExtensionDelegate.swift */ = {isa = PBXFileReference; lastKnownFileType = sourcecode.swift; path = ExtensionDelegate.swift; sourceTree = "<group>"; };
		7F59B38426F301B200B6F905 /* ComplicationController.swift */ = {isa = PBXFileReference; lastKnownFileType = sourcecode.swift; path = ComplicationController.swift; sourceTree = "<group>"; };
		7F59B38626F301B300B6F905 /* Assets.xcassets */ = {isa = PBXFileReference; lastKnownFileType = folder.assetcatalog; path = Assets.xcassets; sourceTree = "<group>"; };
		7F59B38826F301B300B6F905 /* Info.plist */ = {isa = PBXFileReference; lastKnownFileType = text.plist.xml; path = Info.plist; sourceTree = "<group>"; };
		7F59B38926F301B300B6F905 /* PushNotificationPayload.apns */ = {isa = PBXFileReference; lastKnownFileType = text; path = PushNotificationPayload.apns; sourceTree = "<group>"; };
		7F68720D264701F60061A735 /* Calculator.app */ = {isa = PBXFileReference; explicitFileType = wrapper.application; includeInIndex = 0; path = Calculator.app; sourceTree = BUILT_PRODUCTS_DIR; };
		7F687210264701F60061A735 /* AppDelegate.swift */ = {isa = PBXFileReference; lastKnownFileType = sourcecode.swift; path = AppDelegate.swift; sourceTree = "<group>"; };
		7F687212264701F60061A735 /* SceneDelegate.swift */ = {isa = PBXFileReference; lastKnownFileType = sourcecode.swift; path = SceneDelegate.swift; sourceTree = "<group>"; };
		7F687214264701F60061A735 /* ViewController.swift */ = {isa = PBXFileReference; lastKnownFileType = sourcecode.swift; path = ViewController.swift; sourceTree = "<group>"; };
		7F687217264701F60061A735 /* Base */ = {isa = PBXFileReference; lastKnownFileType = file.storyboard; name = Base; path = Base.lproj/Main.storyboard; sourceTree = "<group>"; };
		7F68721A264701F60061A735 /* Calculator.xcdatamodel */ = {isa = PBXFileReference; lastKnownFileType = wrapper.xcdatamodel; path = Calculator.xcdatamodel; sourceTree = "<group>"; };
		7F68721C264701F80061A735 /* Assets.xcassets */ = {isa = PBXFileReference; lastKnownFileType = folder.assetcatalog; path = Assets.xcassets; sourceTree = "<group>"; };
		7F68721F264701F80061A735 /* Base */ = {isa = PBXFileReference; lastKnownFileType = file.storyboard; name = Base; path = Base.lproj/LaunchScreen.storyboard; sourceTree = "<group>"; };
		7F687221264701F80061A735 /* Info.plist */ = {isa = PBXFileReference; lastKnownFileType = text.plist.xml; path = Info.plist; sourceTree = "<group>"; };
		7F687252264A32380061A735 /* TintPickerController.swift */ = {isa = PBXFileReference; lastKnownFileType = sourcecode.swift; path = TintPickerController.swift; sourceTree = "<group>"; };
		7F68725A2657437A0061A735 /* RoundingPickerController.swift */ = {isa = PBXFileReference; lastKnownFileType = sourcecode.swift; path = RoundingPickerController.swift; sourceTree = "<group>"; };
		7F68725C265971940061A735 /* ThemePickerController.swift */ = {isa = PBXFileReference; lastKnownFileType = sourcecode.swift; path = ThemePickerController.swift; sourceTree = "<group>"; };
		7F6E650B2680F06800096EED /* Coin.mp3 */ = {isa = PBXFileReference; lastKnownFileType = audio.mp3; path = Coin.mp3; sourceTree = "<group>"; };
		7F6E650C2680F06800096EED /* None.mp3 */ = {isa = PBXFileReference; lastKnownFileType = audio.mp3; path = None.mp3; sourceTree = "<group>"; };
		7F6E650D2680F06800096EED /* Typewriter.mp3 */ = {isa = PBXFileReference; lastKnownFileType = audio.mp3; path = Typewriter.mp3; sourceTree = "<group>"; };
		7F6E650E2680F06800096EED /* Click.mp3 */ = {isa = PBXFileReference; lastKnownFileType = audio.mp3; path = Click.mp3; sourceTree = "<group>"; };
		7F7E275226818FCB00076D70 /* SF-Pro.ttf */ = {isa = PBXFileReference; lastKnownFileType = file; name = "SF-Pro.ttf"; path = "../../../../../../../Library/Fonts/SF-Pro.ttf"; sourceTree = "<group>"; };
		7FA82AF2271D073500728A9D /* Blue.png */ = {isa = PBXFileReference; lastKnownFileType = image.png; path = Blue.png; sourceTree = "<group>"; };
		7FA82AF4271D089900728A9D /* Dark Blue.png */ = {isa = PBXFileReference; lastKnownFileType = image.png; name = "Dark Blue.png"; path = "../../../../../Icons/Calculator/Light/Dark Blue.png"; sourceTree = "<group>"; };
		7FA82AF6271D08DA00728A9D /* Red.png */ = {isa = PBXFileReference; lastKnownFileType = image.png; path = Red.png; sourceTree = "<group>"; };
		7FA82AF8271D090500728A9D /* Gray.png */ = {isa = PBXFileReference; lastKnownFileType = image.png; path = Gray.png; sourceTree = "<group>"; };
		7FA82AFA271D094F00728A9D /* Orange.png */ = {isa = PBXFileReference; lastKnownFileType = image.png; path = Orange.png; sourceTree = "<group>"; };
		7FA82AFC271D0A0100728A9D /* Orange (Dark bg).png */ = {isa = PBXFileReference; lastKnownFileType = image.png; path = "Orange (Dark bg).png"; sourceTree = "<group>"; };
		7FA82AFE271D0A4000728A9D /* Blue (Dark bg).png */ = {isa = PBXFileReference; lastKnownFileType = image.png; path = "Blue (Dark bg).png"; sourceTree = "<group>"; };
		7FA82B00271D0A7600728A9D /* Gray (Dark bg).png */ = {isa = PBXFileReference; lastKnownFileType = image.png; path = "Gray (Dark bg).png"; sourceTree = "<group>"; };
		7FA82B02271D0ACA00728A9D /* Green (Dark bg).png */ = {isa = PBXFileReference; lastKnownFileType = image.png; path = "Green (Dark bg).png"; sourceTree = "<group>"; };
		7FA82B04271D0B2200728A9D /* Pink (Dark bg).png */ = {isa = PBXFileReference; lastKnownFileType = image.png; path = "Pink (Dark bg).png"; sourceTree = "<group>"; };
		7FA82B06271D0B6400728A9D /* Red (Dark bg).png */ = {isa = PBXFileReference; lastKnownFileType = image.png; path = "Red (Dark bg).png"; sourceTree = "<group>"; };
		7FA82B08271D0BB100728A9D /* Yellow (Dark bg).png */ = {isa = PBXFileReference; lastKnownFileType = image.png; path = "Yellow (Dark bg).png"; sourceTree = "<group>"; };
		7FA82B0A271D0BC000728A9D /* Dark Blue (Dark bg).png */ = {isa = PBXFileReference; lastKnownFileType = image.png; path = "Dark Blue (Dark bg).png"; sourceTree = "<group>"; };
		7FB46AF726748318005525AF /* HistoryClassController.swift */ = {isa = PBXFileReference; lastKnownFileType = sourcecode.swift; path = HistoryClassController.swift; sourceTree = "<group>"; };
		7FB46AF9267487ED005525AF /* FontPickerController.swift */ = {isa = PBXFileReference; lastKnownFileType = sourcecode.swift; path = FontPickerController.swift; sourceTree = "<group>"; };
		7FB46AFF2676E51D005525AF /* Avenir.ttc */ = {isa = PBXFileReference; lastKnownFileType = file; path = Avenir.ttc; sourceTree = "<group>"; };
		7FB46B022676F147005525AF /* SF-Pro-Rounded-Regular.otf */ = {isa = PBXFileReference; lastKnownFileType = file; path = "SF-Pro-Rounded-Regular.otf"; sourceTree = "<group>"; };
		7FC123042672852C00D3599E /* KeyClickSoundController.swift */ = {isa = PBXFileReference; lastKnownFileType = sourcecode.swift; path = KeyClickSoundController.swift; sourceTree = "<group>"; };
		7FC7FA7426F545AF00CFAB2C /* WatchSettingsViewController.swift */ = {isa = PBXFileReference; lastKnownFileType = sourcecode.swift; path = WatchSettingsViewController.swift; sourceTree = "<group>"; };
		7FCBD1C32786261500E02CCF /* CustomCalcButton.swift */ = {isa = PBXFileReference; lastKnownFileType = sourcecode.swift; path = CustomCalcButton.swift; sourceTree = "<group>"; };
		7FCDE28626EB160A00D11BC1 /* MoreOperatorsViewController.swift */ = {isa = PBXFileReference; lastKnownFileType = sourcecode.swift; path = MoreOperatorsViewController.swift; sourceTree = "<group>"; };
		7FCDE28A26EB18AC00D11BC1 /* operatorCellView.swift */ = {isa = PBXFileReference; lastKnownFileType = sourcecode.swift; path = operatorCellView.swift; sourceTree = "<group>"; };
		7FCDE28B26EB18AC00D11BC1 /* operatorCellView.xib */ = {isa = PBXFileReference; lastKnownFileType = file.xib; path = operatorCellView.xib; sourceTree = "<group>"; };
		8CF003F3FB0EB89C9A934DBF /* Pods-Calculator (Watch( Extension.debug.xcconfig */ = {isa = PBXFileReference; includeInIndex = 1; lastKnownFileType = text.xcconfig; name = "Pods-Calculator (Watch( Extension.debug.xcconfig"; path = "Target Support Files/Pods-Calculator (Watch( Extension/Pods-Calculator (Watch( Extension.debug.xcconfig"; sourceTree = "<group>"; };
		A95D1A14842FE7F631DFA094 /* Pods_Calculator.framework */ = {isa = PBXFileReference; explicitFileType = wrapper.framework; includeInIndex = 0; path = Pods_Calculator.framework; sourceTree = BUILT_PRODUCTS_DIR; };
		AB342E25A420A7E1D41D5334 /* Pods-Calculator (Watch(.release.xcconfig */ = {isa = PBXFileReference; includeInIndex = 1; lastKnownFileType = text.xcconfig; name = "Pods-Calculator (Watch(.release.xcconfig"; path = "Target Support Files/Pods-Calculator (Watch(/Pods-Calculator (Watch(.release.xcconfig"; sourceTree = "<group>"; };
		ABD86D7771D167906329E4AA /* Pods-Calculator.release.xcconfig */ = {isa = PBXFileReference; includeInIndex = 1; lastKnownFileType = text.xcconfig; name = "Pods-Calculator.release.xcconfig"; path = "Target Support Files/Pods-Calculator/Pods-Calculator.release.xcconfig"; sourceTree = "<group>"; };
		D372FD385974A15CA263374F /* Pods_Calculator__Watch__Extension.framework */ = {isa = PBXFileReference; explicitFileType = wrapper.framework; includeInIndex = 0; path = Pods_Calculator__Watch__Extension.framework; sourceTree = BUILT_PRODUCTS_DIR; };
		EA801758DD92F999DF9F6325 /* Pods_Calculator__Watch_.framework */ = {isa = PBXFileReference; explicitFileType = wrapper.framework; includeInIndex = 0; path = Pods_Calculator__Watch_.framework; sourceTree = BUILT_PRODUCTS_DIR; };
/* End PBXFileReference section */

/* Begin PBXFrameworksBuildPhase section */
		7F59B37626F301B200B6F905 /* Frameworks */ = {
			isa = PBXFrameworksBuildPhase;
			buildActionMask = 2147483647;
			files = (
				37550F47EA898BE1C9CFF57A /* Pods_Calculator__Watch__Extension.framework in Frameworks */,
			);
			runOnlyForDeploymentPostprocessing = 0;
		};
		7F68720A264701F60061A735 /* Frameworks */ = {
			isa = PBXFrameworksBuildPhase;
			buildActionMask = 2147483647;
			files = (
				F2504932C1871F4B20274C8E /* Pods_Calculator.framework in Frameworks */,
			);
			runOnlyForDeploymentPostprocessing = 0;
		};
		F5B402E2AC5754510BCB838F /* Frameworks */ = {
			isa = PBXFrameworksBuildPhase;
			buildActionMask = 2147483647;
			files = (
				0AEE7BCAF929A7696AB0CB0C /* Pods_Calculator__Watch_.framework in Frameworks */,
			);
			runOnlyForDeploymentPostprocessing = 0;
		};
/* End PBXFrameworksBuildPhase section */

/* Begin PBXGroup section */
		6A178E104049F26EB766FD6C /* Pods */ = {
			isa = PBXGroup;
			children = (
				64E1C7E8097324B97AF65F07 /* Pods-Calculator.debug.xcconfig */,
				ABD86D7771D167906329E4AA /* Pods-Calculator.release.xcconfig */,
				27B7249CDFFE1F2EF0E06A32 /* Pods-Calculator (Watch(.debug.xcconfig */,
				AB342E25A420A7E1D41D5334 /* Pods-Calculator (Watch(.release.xcconfig */,
				8CF003F3FB0EB89C9A934DBF /* Pods-Calculator (Watch( Extension.debug.xcconfig */,
				2EF7C32BB667B40361D637B1 /* Pods-Calculator (Watch( Extension.release.xcconfig */,
			);
			path = Pods;
			sourceTree = "<group>";
		};
		7F10E43026EE7940005D069C /* Model */ = {
			isa = PBXGroup;
			children = (
				7FCDE28B26EB18AC00D11BC1 /* operatorCellView.xib */,
				7F2E799026E7C1BA00D49FB3 /* SettingsCell.swift */,
				7FCBD1C32786261500E02CCF /* CustomCalcButton.swift */,
				7F579F3A271BAD4C00385220 /* AltIconCell.swift */,
				7F579F3B271BAD4C00385220 /* AltIconCell.xib */,
				7F2E799126E7C1BA00D49FB3 /* SettingsCell.xib */,
				7FCDE28A26EB18AC00D11BC1 /* operatorCellView.swift */,
			);
			path = Model;
			sourceTree = "<group>";
		};
		7F4174EA26F45A7D00249004 /* Shared */ = {
			isa = PBXGroup;
			children = (
				7F2E799626E7FFCA00D49FB3 /* Extensions.swift */,
				7F10E42B26ED8E46005D069C /* Themes.swift */,
			);
			path = Shared;
			sourceTree = "<group>";
		};
		7F59B36F26F301B100B6F905 /* Calculator (Watch( */ = {
			isa = PBXGroup;
			children = (
				7F59B37026F301B100B6F905 /* Interface.storyboard */,
				7F59B37326F301B200B6F905 /* Assets.xcassets */,
			);
			path = "Calculator (Watch(";
			sourceTree = "<group>";
		};
		7F59B37D26F301B200B6F905 /* Calculator (Watch( Extension */ = {
			isa = PBXGroup;
			children = (
				7F59B37E26F301B200B6F905 /* InterfaceController.swift */,
				7F59B38026F301B200B6F905 /* ExtensionDelegate.swift */,
				7F59B38426F301B200B6F905 /* ComplicationController.swift */,
				7F59B38626F301B300B6F905 /* Assets.xcassets */,
				7F59B38826F301B300B6F905 /* Info.plist */,
				7F59B38926F301B300B6F905 /* PushNotificationPayload.apns */,
			);
			path = "Calculator (Watch( Extension";
			sourceTree = "<group>";
		};
		7F687204264701F60061A735 = {
			isa = PBXGroup;
			children = (
				7F4174EA26F45A7D00249004 /* Shared */,
				7F68720F264701F60061A735 /* Calculator */,
				7F59B36F26F301B100B6F905 /* Calculator (Watch( */,
				7F59B37D26F301B200B6F905 /* Calculator (Watch( Extension */,
				7F68720E264701F60061A735 /* Products */,
				6A178E104049F26EB766FD6C /* Pods */,
				DA50FC51D4079D39D3D336B3 /* Frameworks */,
			);
			sourceTree = "<group>";
		};
		7F68720E264701F60061A735 /* Products */ = {
			isa = PBXGroup;
			children = (
				7F68720D264701F60061A735 /* Calculator.app */,
				7F59B36E26F301B100B6F905 /* Calculator (Watch(.app */,
				7F59B37926F301B200B6F905 /* Calculator (Watch( Extension.appex */,
			);
			name = Products;
			sourceTree = "<group>";
		};
		7F68720F264701F60061A735 /* Calculator */ = {
			isa = PBXGroup;
			children = (
				7F687210264701F60061A735 /* AppDelegate.swift */,
				7F687212264701F60061A735 /* SceneDelegate.swift */,
				7F687216264701F60061A735 /* Main.storyboard */,
				7F68721E264701F80061A735 /* LaunchScreen.storyboard */,
				7F687221264701F80061A735 /* Info.plist */,
				7F687219264701F60061A735 /* Calculator.xcdatamodeld */,
				7F68721C264701F80061A735 /* Assets.xcassets */,
				7FCBD1C527862DA900E02CCF /* View Controllers */,
				7F10E43026EE7940005D069C /* Model */,
				7FCBD1C627862DC900E02CCF /* Assets */,
			);
			path = Calculator;
			sourceTree = "<group>";
		};
		7FA82AE0271D05D300728A9D /* Light */ = {
			isa = PBXGroup;
			children = (
				7F579F24271BA0C800385220 /* Green.png */,
				7FA82AF8271D090500728A9D /* Gray.png */,
				7FA82AFA271D094F00728A9D /* Orange.png */,
				7F579F22271BA0C800385220 /* Pink.png */,
				7F579F23271BA0C800385220 /* Yellow.png */,
				7FA82AF6271D08DA00728A9D /* Red.png */,
				7FA82AF4271D089900728A9D /* Dark Blue.png */,
				7FA82AF2271D073500728A9D /* Blue.png */,
			);
			path = Light;
			sourceTree = "<group>";
		};
		7FA82AE1271D05DA00728A9D /* Dark */ = {
			isa = PBXGroup;
			children = (
				7FA82AFC271D0A0100728A9D /* Orange (Dark bg).png */,
				7FA82AFE271D0A4000728A9D /* Blue (Dark bg).png */,
				7FA82B0A271D0BC000728A9D /* Dark Blue (Dark bg).png */,
				7FA82B00271D0A7600728A9D /* Gray (Dark bg).png */,
				7FA82B02271D0ACA00728A9D /* Green (Dark bg).png */,
				7FA82B04271D0B2200728A9D /* Pink (Dark bg).png */,
				7FA82B06271D0B6400728A9D /* Red (Dark bg).png */,
				7FA82B08271D0BB100728A9D /* Yellow (Dark bg).png */,
			);
			path = Dark;
			sourceTree = "<group>";
		};
		7FB46B012676F067005525AF /* Fonts */ = {
			isa = PBXGroup;
			children = (
				7FB46B022676F147005525AF /* SF-Pro-Rounded-Regular.otf */,
				7F2E799826E81F6100D49FB3 /* NewYork.ttf */,
				7F7E275226818FCB00076D70 /* SF-Pro.ttf */,
				7FB46AFF2676E51D005525AF /* Avenir.ttc */,
			);
			path = Fonts;
			sourceTree = "<group>";
		};
		7FC12306267285E400D3599E /* Settings */ = {
			isa = PBXGroup;
			children = (
				7F2E799426E7CD2F00D49FB3 /* SettingsViewController.swift */,
				7FC7FA7426F545AF00CFAB2C /* WatchSettingsViewController.swift */,
				7F687252264A32380061A735 /* TintPickerController.swift */,
				7F68725C265971940061A735 /* ThemePickerController.swift */,
				7F579F40271BADD900385220 /* AltIconPickerController.swift */,
				7F579F42271BE2D800385220 /* IconCollectionReusableView.swift */,
				7F68725A2657437A0061A735 /* RoundingPickerController.swift */,
				7FC123042672852C00D3599E /* KeyClickSoundController.swift */,
				7FB46AF9267487ED005525AF /* FontPickerController.swift */,
			);
			path = Settings;
			sourceTree = "<group>";
		};
		7FC123092672879100D3599E /* Sound Effects */ = {
			isa = PBXGroup;
			children = (
				7F6E650E2680F06800096EED /* Click.mp3 */,
				7F6E650B2680F06800096EED /* Coin.mp3 */,
				7F6E650C2680F06800096EED /* None.mp3 */,
				7F6E650D2680F06800096EED /* Typewriter.mp3 */,
			);
			path = "Sound Effects";
			sourceTree = "<group>";
		};
		7FC12314267287E600D3599E /* Alternate App Icons */ = {
			isa = PBXGroup;
			children = (
				7FA82AE1271D05DA00728A9D /* Dark */,
				7FA82AE0271D05D300728A9D /* Light */,
			);
			path = "Alternate App Icons";
			sourceTree = "<group>";
		};
		7FCBD1C527862DA900E02CCF /* View Controllers */ = {
			isa = PBXGroup;
			children = (
				7FC12306267285E400D3599E /* Settings */,
				7FCDE28626EB160A00D11BC1 /* MoreOperatorsViewController.swift */,
				7F10E42E26EE70A2005D069C /* NewThemeController.swift */,
				7FB46AF726748318005525AF /* HistoryClassController.swift */,
				7F687214264701F60061A735 /* ViewController.swift */,
			);
			path = "View Controllers";
			sourceTree = "<group>";
		};
		7FCBD1C627862DC900E02CCF /* Assets */ = {
			isa = PBXGroup;
			children = (
				7FC12314267287E600D3599E /* Alternate App Icons */,
				7FC123092672879100D3599E /* Sound Effects */,
				7FB46B012676F067005525AF /* Fonts */,
			);
			path = Assets;
			sourceTree = "<group>";
		};
		DA50FC51D4079D39D3D336B3 /* Frameworks */ = {
			isa = PBXGroup;
			children = (
				A95D1A14842FE7F631DFA094 /* Pods_Calculator.framework */,
				EA801758DD92F999DF9F6325 /* Pods_Calculator__Watch_.framework */,
				D372FD385974A15CA263374F /* Pods_Calculator__Watch__Extension.framework */,
			);
			name = Frameworks;
			sourceTree = "<group>";
		};
/* End PBXGroup section */

/* Begin PBXNativeTarget section */
		7F59B36D26F301B100B6F905 /* Calculator (Watch( */ = {
			isa = PBXNativeTarget;
			buildConfigurationList = 7F59B39426F301B300B6F905 /* Build configuration list for PBXNativeTarget "Calculator (Watch(" */;
			buildPhases = (
				A1A2088C3AC5D210042EAD53 /* [CP] Check Pods Manifest.lock */,
				7F59B36C26F301B100B6F905 /* Resources */,
				7F59B39026F301B300B6F905 /* Embed App Extensions */,
				F5B402E2AC5754510BCB838F /* Frameworks */,
			);
			buildRules = (
			);
			dependencies = (
				7F59B37C26F301B200B6F905 /* PBXTargetDependency */,
			);
			name = "Calculator (Watch(";
			productName = "Calculator (Watch(";
			productReference = 7F59B36E26F301B100B6F905 /* Calculator (Watch(.app */;
			productType = "com.apple.product-type.application.watchapp2";
		};
		7F59B37826F301B200B6F905 /* Calculator (Watch( Extension */ = {
			isa = PBXNativeTarget;
			buildConfigurationList = 7F59B39326F301B300B6F905 /* Build configuration list for PBXNativeTarget "Calculator (Watch( Extension" */;
			buildPhases = (
				B4A0900B44AEA910C3E6A362 /* [CP] Check Pods Manifest.lock */,
				7F59B37526F301B200B6F905 /* Sources */,
				7F59B37626F301B200B6F905 /* Frameworks */,
				7F59B37726F301B200B6F905 /* Resources */,
				94C723C731D463EC1C94E20F /* [CP] Embed Pods Frameworks */,
			);
			buildRules = (
			);
			dependencies = (
			);
			name = "Calculator (Watch( Extension";
			productName = "Calculator (Watch( Extension";
			productReference = 7F59B37926F301B200B6F905 /* Calculator (Watch( Extension.appex */;
			productType = "com.apple.product-type.watchkit2-extension";
		};
		7F68720C264701F60061A735 /* Calculator */ = {
			isa = PBXNativeTarget;
			buildConfigurationList = 7F687224264701F80061A735 /* Build configuration list for PBXNativeTarget "Calculator" */;
			buildPhases = (
				81D3D1EE9DD52616634A78BF /* [CP] Check Pods Manifest.lock */,
				7F687209264701F60061A735 /* Sources */,
				7F68720A264701F60061A735 /* Frameworks */,
				7F68720B264701F60061A735 /* Resources */,
				7F59B38D26F301B300B6F905 /* Embed Watch Content */,
				593F179DD49CDE834F6EBE68 /* [CP] Embed Pods Frameworks */,
			);
			buildRules = (
			);
			dependencies = (
				7F59B38B26F301B300B6F905 /* PBXTargetDependency */,
			);
			name = Calculator;
			productName = Calculator;
			productReference = 7F68720D264701F60061A735 /* Calculator.app */;
			productType = "com.apple.product-type.application";
		};
/* End PBXNativeTarget section */

/* Begin PBXProject section */
		7F687205264701F60061A735 /* Project object */ = {
			isa = PBXProject;
			attributes = {
				LastSwiftUpdateCheck = 1300;
				LastUpgradeCheck = 1250;
				TargetAttributes = {
					7F59B36D26F301B100B6F905 = {
						CreatedOnToolsVersion = 13.0;
					};
					7F59B37826F301B200B6F905 = {
						CreatedOnToolsVersion = 13.0;
					};
					7F68720C264701F60061A735 = {
						CreatedOnToolsVersion = 12.5;
					};
				};
			};
			buildConfigurationList = 7F687208264701F60061A735 /* Build configuration list for PBXProject "Calculator" */;
			compatibilityVersion = "Xcode 9.3";
			developmentRegion = en;
			hasScannedForEncodings = 0;
			knownRegions = (
				en,
				Base,
			);
			mainGroup = 7F687204264701F60061A735;
			productRefGroup = 7F68720E264701F60061A735 /* Products */;
			projectDirPath = "";
			projectRoot = "";
			targets = (
				7F68720C264701F60061A735 /* Calculator */,
				7F59B36D26F301B100B6F905 /* Calculator (Watch( */,
				7F59B37826F301B200B6F905 /* Calculator (Watch( Extension */,
			);
		};
/* End PBXProject section */

/* Begin PBXResourcesBuildPhase section */
		7F59B36C26F301B100B6F905 /* Resources */ = {
			isa = PBXResourcesBuildPhase;
			buildActionMask = 2147483647;
			files = (
				7F59B37426F301B200B6F905 /* Assets.xcassets in Resources */,
				7F59B37226F301B100B6F905 /* Interface.storyboard in Resources */,
			);
			runOnlyForDeploymentPostprocessing = 0;
		};
		7F59B37726F301B200B6F905 /* Resources */ = {
			isa = PBXResourcesBuildPhase;
			buildActionMask = 2147483647;
			files = (
				7F4174ED26F45CD800249004 /* Assets.xcassets in Resources */,
				7F59B38726F301B300B6F905 /* Assets.xcassets in Resources */,
			);
			runOnlyForDeploymentPostprocessing = 0;
		};
		7F68720B264701F60061A735 /* Resources */ = {
			isa = PBXResourcesBuildPhase;
			buildActionMask = 2147483647;
			files = (
				7F687220264701F80061A735 /* LaunchScreen.storyboard in Resources */,
				7F2E799926E81F6100D49FB3 /* NewYork.ttf in Resources */,
				7FB46B032676F147005525AF /* SF-Pro-Rounded-Regular.otf in Resources */,
				7F6E65102680F06800096EED /* None.mp3 in Resources */,
				7F68721D264701F80061A735 /* Assets.xcassets in Resources */,
				7FCDE28D26EB18AC00D11BC1 /* operatorCellView.xib in Resources */,
				7F687218264701F60061A735 /* Main.storyboard in Resources */,
				7F6E65112680F06800096EED /* Typewriter.mp3 in Resources */,
				7F2E799326E7C1BA00D49FB3 /* SettingsCell.xib in Resources */,
				7FA82AF5271D089900728A9D /* Dark Blue.png in Resources */,
				7F6E65122680F06800096EED /* Click.mp3 in Resources */,
				7F7E275326818FCF00076D70 /* SF-Pro.ttf in Resources */,
				7FA82AF7271D08DA00728A9D /* Red.png in Resources */,
				7F579F3D271BAD4C00385220 /* AltIconCell.xib in Resources */,
				7FA82B07271D0B6400728A9D /* Red (Dark bg).png in Resources */,
				7FA82B09271D0BB100728A9D /* Yellow (Dark bg).png in Resources */,
				7F579F2A271BA0C900385220 /* Yellow.png in Resources */,
				7FA82B03271D0ACA00728A9D /* Green (Dark bg).png in Resources */,
				7FB46B002676E51D005525AF /* Avenir.ttc in Resources */,
				7F579F2B271BA0C900385220 /* Green.png in Resources */,
				7FA82AFF271D0A4000728A9D /* Blue (Dark bg).png in Resources */,
				7FA82AFD271D0A0100728A9D /* Orange (Dark bg).png in Resources */,
				7FA82B0B271D0BC000728A9D /* Dark Blue (Dark bg).png in Resources */,
				7FA82AF3271D073500728A9D /* Blue.png in Resources */,
				7F6E650F2680F06800096EED /* Coin.mp3 in Resources */,
				7FA82AF9271D090500728A9D /* Gray.png in Resources */,
				7F579F29271BA0C900385220 /* Pink.png in Resources */,
				7FA82B05271D0B2200728A9D /* Pink (Dark bg).png in Resources */,
				7FA82AFB271D094F00728A9D /* Orange.png in Resources */,
				7FA82B01271D0A7600728A9D /* Gray (Dark bg).png in Resources */,
			);
			runOnlyForDeploymentPostprocessing = 0;
		};
/* End PBXResourcesBuildPhase section */

/* Begin PBXShellScriptBuildPhase section */
		593F179DD49CDE834F6EBE68 /* [CP] Embed Pods Frameworks */ = {
			isa = PBXShellScriptBuildPhase;
			buildActionMask = 2147483647;
			files = (
			);
			inputFileListPaths = (
				"${PODS_ROOT}/Target Support Files/Pods-Calculator/Pods-Calculator-frameworks-${CONFIGURATION}-input-files.xcfilelist",
			);
			name = "[CP] Embed Pods Frameworks";
			outputFileListPaths = (
				"${PODS_ROOT}/Target Support Files/Pods-Calculator/Pods-Calculator-frameworks-${CONFIGURATION}-output-files.xcfilelist",
			);
			runOnlyForDeploymentPostprocessing = 0;
			shellPath = /bin/sh;
			shellScript = "\"${PODS_ROOT}/Target Support Files/Pods-Calculator/Pods-Calculator-frameworks.sh\"\n";
			showEnvVarsInLog = 0;
		};
		81D3D1EE9DD52616634A78BF /* [CP] Check Pods Manifest.lock */ = {
			isa = PBXShellScriptBuildPhase;
			buildActionMask = 2147483647;
			files = (
			);
			inputFileListPaths = (
			);
			inputPaths = (
				"${PODS_PODFILE_DIR_PATH}/Podfile.lock",
				"${PODS_ROOT}/Manifest.lock",
			);
			name = "[CP] Check Pods Manifest.lock";
			outputFileListPaths = (
			);
			outputPaths = (
				"$(DERIVED_FILE_DIR)/Pods-Calculator-checkManifestLockResult.txt",
			);
			runOnlyForDeploymentPostprocessing = 0;
			shellPath = /bin/sh;
			shellScript = "diff \"${PODS_PODFILE_DIR_PATH}/Podfile.lock\" \"${PODS_ROOT}/Manifest.lock\" > /dev/null\nif [ $? != 0 ] ; then\n    # print error to STDERR\n    echo \"error: The sandbox is not in sync with the Podfile.lock. Run 'pod install' or update your CocoaPods installation.\" >&2\n    exit 1\nfi\n# This output is used by Xcode 'outputs' to avoid re-running this script phase.\necho \"SUCCESS\" > \"${SCRIPT_OUTPUT_FILE_0}\"\n";
			showEnvVarsInLog = 0;
		};
		94C723C731D463EC1C94E20F /* [CP] Embed Pods Frameworks */ = {
			isa = PBXShellScriptBuildPhase;
			buildActionMask = 2147483647;
			files = (
			);
			inputFileListPaths = (
				"${PODS_ROOT}/Target Support Files/Pods-Calculator (Watch( Extension/Pods-Calculator (Watch( Extension-frameworks-${CONFIGURATION}-input-files.xcfilelist",
			);
			name = "[CP] Embed Pods Frameworks";
			outputFileListPaths = (
				"${PODS_ROOT}/Target Support Files/Pods-Calculator (Watch( Extension/Pods-Calculator (Watch( Extension-frameworks-${CONFIGURATION}-output-files.xcfilelist",
			);
			runOnlyForDeploymentPostprocessing = 0;
			shellPath = /bin/sh;
			shellScript = "\"${PODS_ROOT}/Target Support Files/Pods-Calculator (Watch( Extension/Pods-Calculator (Watch( Extension-frameworks.sh\"\n";
			showEnvVarsInLog = 0;
		};
		A1A2088C3AC5D210042EAD53 /* [CP] Check Pods Manifest.lock */ = {
			isa = PBXShellScriptBuildPhase;
			buildActionMask = 2147483647;
			files = (
			);
			inputFileListPaths = (
			);
			inputPaths = (
				"${PODS_PODFILE_DIR_PATH}/Podfile.lock",
				"${PODS_ROOT}/Manifest.lock",
			);
			name = "[CP] Check Pods Manifest.lock";
			outputFileListPaths = (
			);
			outputPaths = (
				"$(DERIVED_FILE_DIR)/Pods-Calculator (Watch(-checkManifestLockResult.txt",
			);
			runOnlyForDeploymentPostprocessing = 0;
			shellPath = /bin/sh;
			shellScript = "diff \"${PODS_PODFILE_DIR_PATH}/Podfile.lock\" \"${PODS_ROOT}/Manifest.lock\" > /dev/null\nif [ $? != 0 ] ; then\n    # print error to STDERR\n    echo \"error: The sandbox is not in sync with the Podfile.lock. Run 'pod install' or update your CocoaPods installation.\" >&2\n    exit 1\nfi\n# This output is used by Xcode 'outputs' to avoid re-running this script phase.\necho \"SUCCESS\" > \"${SCRIPT_OUTPUT_FILE_0}\"\n";
			showEnvVarsInLog = 0;
		};
		B4A0900B44AEA910C3E6A362 /* [CP] Check Pods Manifest.lock */ = {
			isa = PBXShellScriptBuildPhase;
			buildActionMask = 2147483647;
			files = (
			);
			inputFileListPaths = (
			);
			inputPaths = (
				"${PODS_PODFILE_DIR_PATH}/Podfile.lock",
				"${PODS_ROOT}/Manifest.lock",
			);
			name = "[CP] Check Pods Manifest.lock";
			outputFileListPaths = (
			);
			outputPaths = (
				"$(DERIVED_FILE_DIR)/Pods-Calculator (Watch( Extension-checkManifestLockResult.txt",
			);
			runOnlyForDeploymentPostprocessing = 0;
			shellPath = /bin/sh;
			shellScript = "diff \"${PODS_PODFILE_DIR_PATH}/Podfile.lock\" \"${PODS_ROOT}/Manifest.lock\" > /dev/null\nif [ $? != 0 ] ; then\n    # print error to STDERR\n    echo \"error: The sandbox is not in sync with the Podfile.lock. Run 'pod install' or update your CocoaPods installation.\" >&2\n    exit 1\nfi\n# This output is used by Xcode 'outputs' to avoid re-running this script phase.\necho \"SUCCESS\" > \"${SCRIPT_OUTPUT_FILE_0}\"\n";
			showEnvVarsInLog = 0;
		};
/* End PBXShellScriptBuildPhase section */

/* Begin PBXSourcesBuildPhase section */
		7F59B37526F301B200B6F905 /* Sources */ = {
			isa = PBXSourcesBuildPhase;
			buildActionMask = 2147483647;
			files = (
				7F59B38526F301B200B6F905 /* ComplicationController.swift in Sources */,
				7F59B38126F301B200B6F905 /* ExtensionDelegate.swift in Sources */,
				7F59B37F26F301B200B6F905 /* InterfaceController.swift in Sources */,
				7F4174EC26F45AE800249004 /* Themes.swift in Sources */,
				7F4174EB26F45AB800249004 /* Extensions.swift in Sources */,
			);
			runOnlyForDeploymentPostprocessing = 0;
		};
		7F687209264701F60061A735 /* Sources */ = {
			isa = PBXSourcesBuildPhase;
			buildActionMask = 2147483647;
			files = (
				7F10E42C26ED8E46005D069C /* Themes.swift in Sources */,
				7FCDE28726EB160A00D11BC1 /* MoreOperatorsViewController.swift in Sources */,
				7F2E799226E7C1BA00D49FB3 /* SettingsCell.swift in Sources */,
				7F687253264A32380061A735 /* TintPickerController.swift in Sources */,
				7F10E42F26EE70A2005D069C /* NewThemeController.swift in Sources */,
				7F687215264701F60061A735 /* ViewController.swift in Sources */,
				7F68725B2657437A0061A735 /* RoundingPickerController.swift in Sources */,
				7FC123052672852C00D3599E /* KeyClickSoundController.swift in Sources */,
				7F68721B264701F60061A735 /* Calculator.xcdatamodeld in Sources */,
				7F579F3C271BAD4C00385220 /* AltIconCell.swift in Sources */,
				7FCDE28C26EB18AC00D11BC1 /* operatorCellView.swift in Sources */,
				7F2E799526E7CD2F00D49FB3 /* SettingsViewController.swift in Sources */,
				7F579F41271BADD900385220 /* AltIconPickerController.swift in Sources */,
				7F579F43271BE2D900385220 /* IconCollectionReusableView.swift in Sources */,
				7F687211264701F60061A735 /* AppDelegate.swift in Sources */,
				7F68725D265971940061A735 /* ThemePickerController.swift in Sources */,
				7F2E799726E7FFCA00D49FB3 /* Extensions.swift in Sources */,
				7FB46AFA267487ED005525AF /* FontPickerController.swift in Sources */,
				7FC7FA7526F545AF00CFAB2C /* WatchSettingsViewController.swift in Sources */,
				7FCBD1C42786261500E02CCF /* CustomCalcButton.swift in Sources */,
				7F687213264701F60061A735 /* SceneDelegate.swift in Sources */,
				7FB46AF826748318005525AF /* HistoryClassController.swift in Sources */,
			);
			runOnlyForDeploymentPostprocessing = 0;
		};
/* End PBXSourcesBuildPhase section */

/* Begin PBXTargetDependency section */
		7F59B37C26F301B200B6F905 /* PBXTargetDependency */ = {
			isa = PBXTargetDependency;
			target = 7F59B37826F301B200B6F905 /* Calculator (Watch( Extension */;
			targetProxy = 7F59B37B26F301B200B6F905 /* PBXContainerItemProxy */;
		};
		7F59B38B26F301B300B6F905 /* PBXTargetDependency */ = {
			isa = PBXTargetDependency;
			target = 7F59B36D26F301B100B6F905 /* Calculator (Watch( */;
			targetProxy = 7F59B38A26F301B300B6F905 /* PBXContainerItemProxy */;
		};
/* End PBXTargetDependency section */

/* Begin PBXVariantGroup section */
		7F59B37026F301B100B6F905 /* Interface.storyboard */ = {
			isa = PBXVariantGroup;
			children = (
				7F59B37126F301B100B6F905 /* Base */,
			);
			name = Interface.storyboard;
			sourceTree = "<group>";
		};
		7F687216264701F60061A735 /* Main.storyboard */ = {
			isa = PBXVariantGroup;
			children = (
				7F687217264701F60061A735 /* Base */,
			);
			name = Main.storyboard;
			sourceTree = "<group>";
		};
		7F68721E264701F80061A735 /* LaunchScreen.storyboard */ = {
			isa = PBXVariantGroup;
			children = (
				7F68721F264701F80061A735 /* Base */,
			);
			name = LaunchScreen.storyboard;
			sourceTree = "<group>";
		};
/* End PBXVariantGroup section */

/* Begin XCBuildConfiguration section */
		7F59B38E26F301B300B6F905 /* Debug */ = {
			isa = XCBuildConfiguration;
			baseConfigurationReference = 27B7249CDFFE1F2EF0E06A32 /* Pods-Calculator (Watch(.debug.xcconfig */;
			buildSettings = {
				ALWAYS_EMBED_SWIFT_STANDARD_LIBRARIES = YES;
				ASSETCATALOG_COMPILER_APPICON_NAME = AppIcon;
				ASSETCATALOG_COMPILER_GLOBAL_ACCENT_COLOR_NAME = AccentColor;
				CLANG_CXX_LANGUAGE_STANDARD = "gnu++17";
				CODE_SIGN_STYLE = Automatic;
				CURRENT_PROJECT_VERSION = 1;
				DEVELOPMENT_TEAM = 7UHNX49SSD;
				GENERATE_INFOPLIST_FILE = YES;
				IBSC_MODULE = Calculator__Watch__Extension;
				INFOPLIST_KEY_CFBundleDisplayName = "Calculator (Watch(";
				INFOPLIST_KEY_UISupportedInterfaceOrientations = "UIInterfaceOrientationPortrait UIInterfaceOrientationPortraitUpsideDown";
				INFOPLIST_KEY_WKCompanionAppBundleIdentifier = com.jkozar.Calculator;
				MARKETING_VERSION = 1.0;
				PRODUCT_BUNDLE_IDENTIFIER = com.jkozar.Calculator.watchkitapp;
				PRODUCT_NAME = "$(TARGET_NAME)";
				SDKROOT = watchos;
				SKIP_INSTALL = YES;
				SWIFT_EMIT_LOC_STRINGS = YES;
				SWIFT_VERSION = 5.0;
				TARGETED_DEVICE_FAMILY = 4;
				WATCHOS_DEPLOYMENT_TARGET = 8.0;
			};
			name = Debug;
		};
		7F59B38F26F301B300B6F905 /* Release */ = {
			isa = XCBuildConfiguration;
			baseConfigurationReference = AB342E25A420A7E1D41D5334 /* Pods-Calculator (Watch(.release.xcconfig */;
			buildSettings = {
				ALWAYS_EMBED_SWIFT_STANDARD_LIBRARIES = YES;
				ASSETCATALOG_COMPILER_APPICON_NAME = AppIcon;
				ASSETCATALOG_COMPILER_GLOBAL_ACCENT_COLOR_NAME = AccentColor;
				CLANG_CXX_LANGUAGE_STANDARD = "gnu++17";
				CODE_SIGN_STYLE = Automatic;
				CURRENT_PROJECT_VERSION = 1;
				DEVELOPMENT_TEAM = 7UHNX49SSD;
				GENERATE_INFOPLIST_FILE = YES;
				IBSC_MODULE = Calculator__Watch__Extension;
				INFOPLIST_KEY_CFBundleDisplayName = "Calculator (Watch(";
				INFOPLIST_KEY_UISupportedInterfaceOrientations = "UIInterfaceOrientationPortrait UIInterfaceOrientationPortraitUpsideDown";
				INFOPLIST_KEY_WKCompanionAppBundleIdentifier = com.jkozar.Calculator;
				MARKETING_VERSION = 1.0;
				PRODUCT_BUNDLE_IDENTIFIER = com.jkozar.Calculator.watchkitapp;
				PRODUCT_NAME = "$(TARGET_NAME)";
				SDKROOT = watchos;
				SKIP_INSTALL = YES;
				SWIFT_EMIT_LOC_STRINGS = YES;
				SWIFT_VERSION = 5.0;
				TARGETED_DEVICE_FAMILY = 4;
				WATCHOS_DEPLOYMENT_TARGET = 8.0;
			};
			name = Release;
		};
		7F59B39126F301B300B6F905 /* Debug */ = {
			isa = XCBuildConfiguration;
			baseConfigurationReference = 8CF003F3FB0EB89C9A934DBF /* Pods-Calculator (Watch( Extension.debug.xcconfig */;
			buildSettings = {
				ASSETCATALOG_COMPILER_COMPLICATION_NAME = Complication;
				CLANG_CXX_LANGUAGE_STANDARD = "gnu++17";
				CODE_SIGN_STYLE = Automatic;
				CURRENT_PROJECT_VERSION = 1;
				DEVELOPMENT_TEAM = 7UHNX49SSD;
				GENERATE_INFOPLIST_FILE = YES;
				INFOPLIST_FILE = "Calculator (Watch( Extension/Info.plist";
				INFOPLIST_KEY_CFBundleDisplayName = "Calculator (Watch( Extension";
				INFOPLIST_KEY_CLKComplicationPrincipalClass = "$(PRODUCT_MODULE_NAME).ComplicationController";
				INFOPLIST_KEY_NSHumanReadableCopyright = "";
				INFOPLIST_KEY_WKExtensionDelegateClassName = "$(PRODUCT_MODULE_NAME).ExtensionDelegate";
				LD_RUNPATH_SEARCH_PATHS = (
					"$(inherited)",
					"@executable_path/Frameworks",
					"@executable_path/../../Frameworks",
				);
				MARKETING_VERSION = 1.0;
				PRODUCT_BUNDLE_IDENTIFIER = com.jkozar.Calculator.watchkitapp.watchkitextension;
				PRODUCT_NAME = "${TARGET_NAME}";
				SDKROOT = watchos;
				SKIP_INSTALL = YES;
				SWIFT_EMIT_LOC_STRINGS = YES;
				SWIFT_VERSION = 5.0;
				TARGETED_DEVICE_FAMILY = 4;
				WATCHOS_DEPLOYMENT_TARGET = 8.0;
			};
			name = Debug;
		};
		7F59B39226F301B300B6F905 /* Release */ = {
			isa = XCBuildConfiguration;
			baseConfigurationReference = 2EF7C32BB667B40361D637B1 /* Pods-Calculator (Watch( Extension.release.xcconfig */;
			buildSettings = {
				ASSETCATALOG_COMPILER_COMPLICATION_NAME = Complication;
				CLANG_CXX_LANGUAGE_STANDARD = "gnu++17";
				CODE_SIGN_STYLE = Automatic;
				CURRENT_PROJECT_VERSION = 1;
				DEVELOPMENT_TEAM = 7UHNX49SSD;
				GENERATE_INFOPLIST_FILE = YES;
				INFOPLIST_FILE = "Calculator (Watch( Extension/Info.plist";
				INFOPLIST_KEY_CFBundleDisplayName = "Calculator (Watch( Extension";
				INFOPLIST_KEY_CLKComplicationPrincipalClass = "$(PRODUCT_MODULE_NAME).ComplicationController";
				INFOPLIST_KEY_NSHumanReadableCopyright = "";
				INFOPLIST_KEY_WKExtensionDelegateClassName = "$(PRODUCT_MODULE_NAME).ExtensionDelegate";
				LD_RUNPATH_SEARCH_PATHS = (
					"$(inherited)",
					"@executable_path/Frameworks",
					"@executable_path/../../Frameworks",
				);
				MARKETING_VERSION = 1.0;
				PRODUCT_BUNDLE_IDENTIFIER = com.jkozar.Calculator.watchkitapp.watchkitextension;
				PRODUCT_NAME = "${TARGET_NAME}";
				SDKROOT = watchos;
				SKIP_INSTALL = YES;
				SWIFT_EMIT_LOC_STRINGS = YES;
				SWIFT_VERSION = 5.0;
				TARGETED_DEVICE_FAMILY = 4;
				WATCHOS_DEPLOYMENT_TARGET = 8.0;
			};
			name = Release;
		};
		7F687222264701F80061A735 /* Debug */ = {
			isa = XCBuildConfiguration;
			buildSettings = {
				ALWAYS_SEARCH_USER_PATHS = NO;
				ASSETCATALOG_COMPILER_GLOBAL_ACCENT_COLOR_NAME = AccentColor;
				CLANG_ANALYZER_NONNULL = YES;
				CLANG_ANALYZER_NUMBER_OBJECT_CONVERSION = YES_AGGRESSIVE;
				CLANG_CXX_LANGUAGE_STANDARD = "gnu++14";
				CLANG_CXX_LIBRARY = "libc++";
				CLANG_ENABLE_MODULES = YES;
				CLANG_ENABLE_OBJC_ARC = YES;
				CLANG_ENABLE_OBJC_WEAK = YES;
				CLANG_WARN_BLOCK_CAPTURE_AUTORELEASING = YES;
				CLANG_WARN_BOOL_CONVERSION = YES;
				CLANG_WARN_COMMA = YES;
				CLANG_WARN_CONSTANT_CONVERSION = YES;
				CLANG_WARN_DEPRECATED_OBJC_IMPLEMENTATIONS = YES;
				CLANG_WARN_DIRECT_OBJC_ISA_USAGE = YES_ERROR;
				CLANG_WARN_DOCUMENTATION_COMMENTS = YES;
				CLANG_WARN_EMPTY_BODY = YES;
				CLANG_WARN_ENUM_CONVERSION = YES;
				CLANG_WARN_INFINITE_RECURSION = YES;
				CLANG_WARN_INT_CONVERSION = YES;
				CLANG_WARN_NON_LITERAL_NULL_CONVERSION = YES;
				CLANG_WARN_OBJC_IMPLICIT_RETAIN_SELF = YES;
				CLANG_WARN_OBJC_LITERAL_CONVERSION = YES;
				CLANG_WARN_OBJC_ROOT_CLASS = YES_ERROR;
				CLANG_WARN_QUOTED_INCLUDE_IN_FRAMEWORK_HEADER = YES;
				CLANG_WARN_RANGE_LOOP_ANALYSIS = YES;
				CLANG_WARN_STRICT_PROTOTYPES = YES;
				CLANG_WARN_SUSPICIOUS_MOVE = YES;
				CLANG_WARN_UNGUARDED_AVAILABILITY = YES_AGGRESSIVE;
				CLANG_WARN_UNREACHABLE_CODE = YES;
				CLANG_WARN__DUPLICATE_METHOD_MATCH = YES;
				COPY_PHASE_STRIP = NO;
				DEBUG_INFORMATION_FORMAT = dwarf;
				ENABLE_STRICT_OBJC_MSGSEND = YES;
				ENABLE_TESTABILITY = YES;
				GCC_C_LANGUAGE_STANDARD = gnu11;
				GCC_DYNAMIC_NO_PIC = NO;
				GCC_NO_COMMON_BLOCKS = YES;
				GCC_OPTIMIZATION_LEVEL = 0;
				GCC_PREPROCESSOR_DEFINITIONS = (
					"DEBUG=1",
					"$(inherited)",
				);
				GCC_WARN_64_TO_32_BIT_CONVERSION = YES;
				GCC_WARN_ABOUT_RETURN_TYPE = YES_ERROR;
				GCC_WARN_UNDECLARED_SELECTOR = YES;
				GCC_WARN_UNINITIALIZED_AUTOS = YES_AGGRESSIVE;
				GCC_WARN_UNUSED_FUNCTION = YES;
				GCC_WARN_UNUSED_VARIABLE = YES;
				IPHONEOS_DEPLOYMENT_TARGET = 14.5;
				MTL_ENABLE_DEBUG_INFO = INCLUDE_SOURCE;
				MTL_FAST_MATH = YES;
				ONLY_ACTIVE_ARCH = YES;
				SDKROOT = iphoneos;
				SWIFT_ACTIVE_COMPILATION_CONDITIONS = DEBUG;
				SWIFT_OPTIMIZATION_LEVEL = "-Onone";
			};
			name = Debug;
		};
		7F687223264701F80061A735 /* Release */ = {
			isa = XCBuildConfiguration;
			buildSettings = {
				ALWAYS_SEARCH_USER_PATHS = NO;
				ASSETCATALOG_COMPILER_GLOBAL_ACCENT_COLOR_NAME = AccentColor;
				CLANG_ANALYZER_NONNULL = YES;
				CLANG_ANALYZER_NUMBER_OBJECT_CONVERSION = YES_AGGRESSIVE;
				CLANG_CXX_LANGUAGE_STANDARD = "gnu++14";
				CLANG_CXX_LIBRARY = "libc++";
				CLANG_ENABLE_MODULES = YES;
				CLANG_ENABLE_OBJC_ARC = YES;
				CLANG_ENABLE_OBJC_WEAK = YES;
				CLANG_WARN_BLOCK_CAPTURE_AUTORELEASING = YES;
				CLANG_WARN_BOOL_CONVERSION = YES;
				CLANG_WARN_COMMA = YES;
				CLANG_WARN_CONSTANT_CONVERSION = YES;
				CLANG_WARN_DEPRECATED_OBJC_IMPLEMENTATIONS = YES;
				CLANG_WARN_DIRECT_OBJC_ISA_USAGE = YES_ERROR;
				CLANG_WARN_DOCUMENTATION_COMMENTS = YES;
				CLANG_WARN_EMPTY_BODY = YES;
				CLANG_WARN_ENUM_CONVERSION = YES;
				CLANG_WARN_INFINITE_RECURSION = YES;
				CLANG_WARN_INT_CONVERSION = YES;
				CLANG_WARN_NON_LITERAL_NULL_CONVERSION = YES;
				CLANG_WARN_OBJC_IMPLICIT_RETAIN_SELF = YES;
				CLANG_WARN_OBJC_LITERAL_CONVERSION = YES;
				CLANG_WARN_OBJC_ROOT_CLASS = YES_ERROR;
				CLANG_WARN_QUOTED_INCLUDE_IN_FRAMEWORK_HEADER = YES;
				CLANG_WARN_RANGE_LOOP_ANALYSIS = YES;
				CLANG_WARN_STRICT_PROTOTYPES = YES;
				CLANG_WARN_SUSPICIOUS_MOVE = YES;
				CLANG_WARN_UNGUARDED_AVAILABILITY = YES_AGGRESSIVE;
				CLANG_WARN_UNREACHABLE_CODE = YES;
				CLANG_WARN__DUPLICATE_METHOD_MATCH = YES;
				COPY_PHASE_STRIP = NO;
				DEBUG_INFORMATION_FORMAT = "dwarf-with-dsym";
				ENABLE_NS_ASSERTIONS = NO;
				ENABLE_STRICT_OBJC_MSGSEND = YES;
				GCC_C_LANGUAGE_STANDARD = gnu11;
				GCC_NO_COMMON_BLOCKS = YES;
				GCC_WARN_64_TO_32_BIT_CONVERSION = YES;
				GCC_WARN_ABOUT_RETURN_TYPE = YES_ERROR;
				GCC_WARN_UNDECLARED_SELECTOR = YES;
				GCC_WARN_UNINITIALIZED_AUTOS = YES_AGGRESSIVE;
				GCC_WARN_UNUSED_FUNCTION = YES;
				GCC_WARN_UNUSED_VARIABLE = YES;
				IPHONEOS_DEPLOYMENT_TARGET = 14.5;
				MTL_ENABLE_DEBUG_INFO = NO;
				MTL_FAST_MATH = YES;
				SDKROOT = iphoneos;
				SWIFT_COMPILATION_MODE = wholemodule;
				SWIFT_OPTIMIZATION_LEVEL = "-O";
				VALIDATE_PRODUCT = YES;
			};
			name = Release;
		};
		7F687225264701F80061A735 /* Debug */ = {
			isa = XCBuildConfiguration;
			baseConfigurationReference = 64E1C7E8097324B97AF65F07 /* Pods-Calculator.debug.xcconfig */;
			buildSettings = {
				ASSETCATALOG_COMPILER_APPICON_NAME = AppIcon;
				ASSETCATALOG_COMPILER_GLOBAL_ACCENT_COLOR_NAME = tintColor;
				CODE_SIGN_STYLE = Automatic;
				DEVELOPMENT_TEAM = 7UHNX49SSD;
				INFOPLIST_FILE = Calculator/Info.plist;
				IPHONEOS_DEPLOYMENT_TARGET = 14.5;
				LD_RUNPATH_SEARCH_PATHS = (
					"$(inherited)",
					"@executable_path/Frameworks",
				);
				PRODUCT_BUNDLE_IDENTIFIER = com.jkozar.Calculator;
				PRODUCT_NAME = "$(TARGET_NAME)";
				SWIFT_VERSION = 5.0;
				TARGETED_DEVICE_FAMILY = 1;
			};
			name = Debug;
		};
		7F687226264701F80061A735 /* Release */ = {
			isa = XCBuildConfiguration;
			baseConfigurationReference = ABD86D7771D167906329E4AA /* Pods-Calculator.release.xcconfig */;
			buildSettings = {
				ASSETCATALOG_COMPILER_APPICON_NAME = AppIcon;
				ASSETCATALOG_COMPILER_GLOBAL_ACCENT_COLOR_NAME = tintColor;
				CODE_SIGN_STYLE = Automatic;
				DEVELOPMENT_TEAM = 7UHNX49SSD;
				INFOPLIST_FILE = Calculator/Info.plist;
				IPHONEOS_DEPLOYMENT_TARGET = 14.5;
				LD_RUNPATH_SEARCH_PATHS = (
					"$(inherited)",
					"@executable_path/Frameworks",
				);
				PRODUCT_BUNDLE_IDENTIFIER = com.jkozar.Calculator;
				PRODUCT_NAME = "$(TARGET_NAME)";
				SWIFT_VERSION = 5.0;
				TARGETED_DEVICE_FAMILY = 1;
			};
			name = Release;
		};
/* End XCBuildConfiguration section */

/* Begin XCConfigurationList section */
		7F59B39326F301B300B6F905 /* Build configuration list for PBXNativeTarget "Calculator (Watch( Extension" */ = {
			isa = XCConfigurationList;
			buildConfigurations = (
				7F59B39126F301B300B6F905 /* Debug */,
				7F59B39226F301B300B6F905 /* Release */,
			);
			defaultConfigurationIsVisible = 0;
			defaultConfigurationName = Release;
		};
		7F59B39426F301B300B6F905 /* Build configuration list for PBXNativeTarget "Calculator (Watch(" */ = {
			isa = XCConfigurationList;
			buildConfigurations = (
				7F59B38E26F301B300B6F905 /* Debug */,
				7F59B38F26F301B300B6F905 /* Release */,
			);
			defaultConfigurationIsVisible = 0;
			defaultConfigurationName = Release;
		};
		7F687208264701F60061A735 /* Build configuration list for PBXProject "Calculator" */ = {
			isa = XCConfigurationList;
			buildConfigurations = (
				7F687222264701F80061A735 /* Debug */,
				7F687223264701F80061A735 /* Release */,
			);
			defaultConfigurationIsVisible = 0;
			defaultConfigurationName = Release;
		};
		7F687224264701F80061A735 /* Build configuration list for PBXNativeTarget "Calculator" */ = {
			isa = XCConfigurationList;
			buildConfigurations = (
				7F687225264701F80061A735 /* Debug */,
				7F687226264701F80061A735 /* Release */,
			);
			defaultConfigurationIsVisible = 0;
			defaultConfigurationName = Release;
		};
/* End XCConfigurationList section */

/* Begin XCVersionGroup section */
		7F687219264701F60061A735 /* Calculator.xcdatamodeld */ = {
			isa = XCVersionGroup;
			children = (
				7F68721A264701F60061A735 /* Calculator.xcdatamodel */,
			);
			currentVersion = 7F68721A264701F60061A735 /* Calculator.xcdatamodel */;
			path = Calculator.xcdatamodeld;
			sourceTree = "<group>";
			versionGroupType = wrapper.xcdatamodel;
		};
/* End XCVersionGroup section */
	};
	rootObject = 7F687205264701F60061A735 /* Project object */;
}
